
Microsoft Visual Studio Solution File, Format Version 12.00
# Visual Studio Version 17
VisualStudioVersion = 17.0.31903.59
MinimumVisualStudioVersion = 10.0.40219.1
Project("{9A19103F-16F7-4668-BE54-9A1E7A4F7556}") = "SunamoXml.Tests", "SunamoXml.Tests\\SunamoXml.Tests.csproj", "{322E2B72-8445-4A41-8379-43568FB90EDA}"
EndProject
Project("{FAE04EC0-301F-11D3-BF4B-00C04F79EFBC}") = "RunnerXml", "RunnerXml\\RunnerXml.csproj", "{AADBAE78-F25F-47DF-AE81-EFF51C808B11}"
EndProject
Project("{FAE04EC0-301F-11D3-BF4B-00C04F79EFBC}") = "SunamoXml", "SunamoXml\SunamoXml.csproj", "{322D9A6A-55E1-4BB6-B0C7-09EA2088DA78}"
EndProject
Global
	GlobalSection(SolutionConfigurationPlatforms) = preSolution
		Debug|Any CPU = Debug|Any CPU
		Debug|x64 = Debug|x64
		Debug|x86 = Debug|x86
		Release|Any CPU = Release|Any CPU
		Release|x64 = Release|x64
		Release|x86 = Release|x86
	EndGlobalSection
	GlobalSection(ProjectConfigurationPlatforms) = postSolution
		{322E2B72-8445-4A41-8379-43568FB90EDA}.Debug|Any CPU.ActiveCfg = Debug|Any CPU
		{322E2B72-8445-4A41-8379-43568FB90EDA}.Debug|Any CPU.Build.0 = Debug|Any CPU
		{322E2B72-8445-4A41-8379-43568FB90EDA}.Debug|x64.ActiveCfg = Debug|Any CPU
		{322E2B72-8445-4A41-8379-43568FB90EDA}.Debug|x64.Build.0 = Debug|Any CPU
		{322E2B72-8445-4A41-8379-43568FB90EDA}.Debug|x86.ActiveCfg = Debug|Any CPU
		{322E2B72-8445-4A41-8379-43568FB90EDA}.Debug|x86.Build.0 = Debug|Any CPU
		{322E2B72-8445-4A41-8379-43568FB90EDA}.Release|Any CPU.ActiveCfg = Release|Any CPU
		{322E2B72-8445-4A41-8379-43568FB90EDA}.Release|Any CPU.Build.0 = Release|Any CPU
		{322E2B72-8445-4A41-8379-43568FB90EDA}.Release|x64.ActiveCfg = Release|Any CPU
		{322E2B72-8445-4A41-8379-43568FB90EDA}.Release|x64.Build.0 = Release|Any CPU
		{322E2B72-8445-4A41-8379-43568FB90EDA}.Release|x86.ActiveCfg = Release|Any CPU
		{322E2B72-8445-4A41-8379-43568FB90EDA}.Release|x86.Build.0 = Release|Any CPU
		{AADBAE78-F25F-47DF-AE81-EFF51C808B11}.Debug|Any CPU.ActiveCfg = Debug|Any CPU
		{AADBAE78-F25F-47DF-AE81-EFF51C808B11}.Debug|Any CPU.Build.0 = Debug|Any CPU
		{AADBAE78-F25F-47DF-AE81-EFF51C808B11}.Debug|x64.ActiveCfg = Debug|Any CPU
		{AADBAE78-F25F-47DF-AE81-EFF51C808B11}.Debug|x64.Build.0 = Debug|Any CPU
		{AADBAE78-F25F-47DF-AE81-EFF51C808B11}.Debug|x86.ActiveCfg = Debug|Any CPU
		{AADBAE78-F25F-47DF-AE81-EFF51C808B11}.Debug|x86.Build.0 = Debug|Any CPU
		{AADBAE78-F25F-47DF-AE81-EFF51C808B11}.Release|Any CPU.ActiveCfg = Release|Any CPU
		{AADBAE78-F25F-47DF-AE81-EFF51C808B11}.Release|Any CPU.Build.0 = Release|Any CPU
		{AADBAE78-F25F-47DF-AE81-EFF51C808B11}.Release|x64.ActiveCfg = Release|Any CPU
		{AADBAE78-F25F-47DF-AE81-EFF51C808B11}.Release|x64.Build.0 = Release|Any CPU
		{AADBAE78-F25F-47DF-AE81-EFF51C808B11}.Release|x86.ActiveCfg = Release|Any CPU
		{AADBAE78-F25F-47DF-AE81-EFF51C808B11}.Release|x86.Build.0 = Release|Any CPU
		{322D9A6A-55E1-4BB6-B0C7-09EA2088DA78}.Debug|Any CPU.ActiveCfg = Debug|Any CPU
		{322D9A6A-55E1-4BB6-B0C7-09EA2088DA78}.Debug|Any CPU.Build.0 = Debug|Any CPU
		{322D9A6A-55E1-4BB6-B0C7-09EA2088DA78}.Debug|x64.ActiveCfg = Debug|Any CPU
		{322D9A6A-55E1-4BB6-B0C7-09EA2088DA78}.Debug|x64.Build.0 = Debug|Any CPU
		{322D9A6A-55E1-4BB6-B0C7-09EA2088DA78}.Debug|x86.ActiveCfg = Debug|Any CPU
		{322D9A6A-55E1-4BB6-B0C7-09EA2088DA78}.Debug|x86.Build.0 = Debug|Any CPU
		{322D9A6A-55E1-4BB6-B0C7-09EA2088DA78}.Release|Any CPU.ActiveCfg = Release|Any CPU
		{322D9A6A-55E1-4BB6-B0C7-09EA2088DA78}.Release|Any CPU.Build.0 = Release|Any CPU
		{322D9A6A-55E1-4BB6-B0C7-09EA2088DA78}.Release|x64.ActiveCfg = Release|Any CPU
		{322D9A6A-55E1-4BB6-B0C7-09EA2088DA78}.Release|x64.Build.0 = Release|Any CPU
		{322D9A6A-55E1-4BB6-B0C7-09EA2088DA78}.Release|x86.ActiveCfg = Release|Any CPU
		{322D9A6A-55E1-4BB6-B0C7-09EA2088DA78}.Release|x86.Build.0 = Release|Any CPU
	EndGlobalSection
	GlobalSection(SolutionProperties) = preSolution
		HideSolutionNode = FALSE
	EndGlobalSection
	GlobalSection(ExtensibilityGlobals) = postSolution
		SolutionGuid = {D1DF5167-A1CE-49FB-B2F1-8E51306E4286}
	EndGlobalSection
EndGlobal
